
Microsoft Visual Studio Solution File, Format Version 12.00
# Visual Studio Version 17
VisualStudioVersion = 17.0.31903.59
MinimumVisualStudioVersion = 10.0.40219.1
Project("{2150E333-8FDC-42A3-9474-1A3956D46DE8}") = "src", "src", "{827E0CD3-B72D-47B6-A68D-7590B98EB39B}"
EndProject
Project("{FAE04EC0-301F-11D3-BF4B-00C04F79EFBC}") = "ECommerce.Contracts", "src\ECommerce.Contracts\ECommerce.Contracts.csproj", "{FA8645F9-0B50-4853-89BC-B83843D3A783}"
EndProject
Project("{FAE04EC0-301F-11D3-BF4B-00C04F79EFBC}") = "ECommerce.Grains", "src\ECommerce.Grains\ECommerce.Grains.csproj", "{F3893D8A-23E7-4B77-9F9E-EE1239A5182D}"
EndProject
Project("{FAE04EC0-301F-11D3-BF4B-00C04F79EFBC}") = "ECommerce.Data", "src\ECommerce.Data\ECommerce.Data.csproj", "{B00BA1D7-B214-4550-A92E-543F54AB695B}"
EndProject
Project("{FAE04EC0-301F-11D3-BF4B-00C04F79EFBC}") = "ECommerce.Silo", "src\ECommerce.Silo\ECommerce.Silo.csproj", "{CD068DB1-EF08-4A74-ABCD-A180DB231812}"
EndProject
Project("{FAE04EC0-301F-11D3-BF4B-00C04F79EFBC}") = "ECommerce.Api", "src\ECommerce.Api\ECommerce.Api.csproj", "{66850FAD-365C-40FD-8A63-0B681C69FA77}"
EndProject
Global
	GlobalSection(SolutionConfigurationPlatforms) = preSolution
		Debug|Any CPU = Debug|Any CPU
		Debug|x64 = Debug|x64
		Debug|x86 = Debug|x86
		Release|Any CPU = Release|Any CPU
		Release|x64 = Release|x64
		Release|x86 = Release|x86
	EndGlobalSection
	GlobalSection(ProjectConfigurationPlatforms) = postSolution
		{FA8645F9-0B50-4853-89BC-B83843D3A783}.Debug|Any CPU.ActiveCfg = Debug|Any CPU
		{FA8645F9-0B50-4853-89BC-B83843D3A783}.Debug|Any CPU.Build.0 = Debug|Any CPU
		{FA8645F9-0B50-4853-89BC-B83843D3A783}.Debug|x64.ActiveCfg = Debug|Any CPU
		{FA8645F9-0B50-4853-89BC-B83843D3A783}.Debug|x64.Build.0 = Debug|Any CPU
		{FA8645F9-0B50-4853-89BC-B83843D3A783}.Debug|x86.ActiveCfg = Debug|Any CPU
		{FA8645F9-0B50-4853-89BC-B83843D3A783}.Debug|x86.Build.0 = Debug|Any CPU
		{FA8645F9-0B50-4853-89BC-B83843D3A783}.Release|Any CPU.ActiveCfg = Release|Any CPU
		{FA8645F9-0B50-4853-89BC-B83843D3A783}.Release|Any CPU.Build.0 = Release|Any CPU
		{FA8645F9-0B50-4853-89BC-B83843D3A783}.Release|x64.ActiveCfg = Release|Any CPU
		{FA8645F9-0B50-4853-89BC-B83843D3A783}.Release|x64.Build.0 = Release|Any CPU
		{FA8645F9-0B50-4853-89BC-B83843D3A783}.Release|x86.ActiveCfg = Release|Any CPU
		{FA8645F9-0B50-4853-89BC-B83843D3A783}.Release|x86.Build.0 = Release|Any CPU
		{F3893D8A-23E7-4B77-9F9E-EE1239A5182D}.Debug|Any CPU.ActiveCfg = Debug|Any CPU
		{F3893D8A-23E7-4B77-9F9E-EE1239A5182D}.Debug|Any CPU.Build.0 = Debug|Any CPU
		{F3893D8A-23E7-4B77-9F9E-EE1239A5182D}.Debug|x64.ActiveCfg = Debug|Any CPU
		{F3893D8A-23E7-4B77-9F9E-EE1239A5182D}.Debug|x64.Build.0 = Debug|Any CPU
		{F3893D8A-23E7-4B77-9F9E-EE1239A5182D}.Debug|x86.ActiveCfg = Debug|Any CPU
		{F3893D8A-23E7-4B77-9F9E-EE1239A5182D}.Debug|x86.Build.0 = Debug|Any CPU
		{F3893D8A-23E7-4B77-9F9E-EE1239A5182D}.Release|Any CPU.ActiveCfg = Release|Any CPU
		{F3893D8A-23E7-4B77-9F9E-EE1239A5182D}.Release|Any CPU.Build.0 = Release|Any CPU
		{F3893D8A-23E7-4B77-9F9E-EE1239A5182D}.Release|x64.ActiveCfg = Release|Any CPU
		{F3893D8A-23E7-4B77-9F9E-EE1239A5182D}.Release|x64.Build.0 = Release|Any CPU
		{F3893D8A-23E7-4B77-9F9E-EE1239A5182D}.Release|x86.ActiveCfg = Release|Any CPU
		{F3893D8A-23E7-4B77-9F9E-EE1239A5182D}.Release|x86.Build.0 = Release|Any CPU
		{B00BA1D7-B214-4550-A92E-543F54AB695B}.Debug|Any CPU.ActiveCfg = Debug|Any CPU
		{B00BA1D7-B214-4550-A92E-543F54AB695B}.Debug|Any CPU.Build.0 = Debug|Any CPU
		{B00BA1D7-B214-4550-A92E-543F54AB695B}.Debug|x64.ActiveCfg = Debug|Any CPU
		{B00BA1D7-B214-4550-A92E-543F54AB695B}.Debug|x64.Build.0 = Debug|Any CPU
		{B00BA1D7-B214-4550-A92E-543F54AB695B}.Debug|x86.ActiveCfg = Debug|Any CPU
		{B00BA1D7-B214-4550-A92E-543F54AB695B}.Debug|x86.Build.0 = Debug|Any CPU
		{B00BA1D7-B214-4550-A92E-543F54AB695B}.Release|Any CPU.ActiveCfg = Release|Any CPU
		{B00BA1D7-B214-4550-A92E-543F54AB695B}.Release|Any CPU.Build.0 = Release|Any CPU
		{B00BA1D7-B214-4550-A92E-543F54AB695B}.Release|x64.ActiveCfg = Release|Any CPU
		{B00BA1D7-B214-4550-A92E-543F54AB695B}.Release|x64.Build.0 = Release|Any CPU
		{B00BA1D7-B214-4550-A92E-543F54AB695B}.Release|x86.ActiveCfg = Release|Any CPU
		{B00BA1D7-B214-4550-A92E-543F54AB695B}.Release|x86.Build.0 = Release|Any CPU
		{CD068DB1-EF08-4A74-ABCD-A180DB231812}.Debug|Any CPU.ActiveCfg = Debug|Any CPU
		{CD068DB1-EF08-4A74-ABCD-A180DB231812}.Debug|Any CPU.Build.0 = Debug|Any CPU
		{CD068DB1-EF08-4A74-ABCD-A180DB231812}.Debug|x64.ActiveCfg = Debug|Any CPU
		{CD068DB1-EF08-4A74-ABCD-A180DB231812}.Debug|x64.Build.0 = Debug|Any CPU
		{CD068DB1-EF08-4A74-ABCD-A180DB231812}.Debug|x86.ActiveCfg = Debug|Any CPU
		{CD068DB1-EF08-4A74-ABCD-A180DB231812}.Debug|x86.Build.0 = Debug|Any CPU
		{CD068DB1-EF08-4A74-ABCD-A180DB231812}.Release|Any CPU.ActiveCfg = Release|Any CPU
		{CD068DB1-EF08-4A74-ABCD-A180DB231812}.Release|Any CPU.Build.0 = Release|Any CPU
		{CD068DB1-EF08-4A74-ABCD-A180DB231812}.Release|x64.ActiveCfg = Release|Any CPU
		{CD068DB1-EF08-4A74-ABCD-A180DB231812}.Release|x64.Build.0 = Release|Any CPU
		{CD068DB1-EF08-4A74-ABCD-A180DB231812}.Release|x86.ActiveCfg = Release|Any CPU
		{CD068DB1-EF08-4A74-ABCD-A180DB231812}.Release|x86.Build.0 = Release|Any CPU
		{66850FAD-365C-40FD-8A63-0B681C69FA77}.Debug|Any CPU.ActiveCfg = Debug|Any CPU
		{66850FAD-365C-40FD-8A63-0B681C69FA77}.Debug|Any CPU.Build.0 = Debug|Any CPU
		{66850FAD-365C-40FD-8A63-0B681C69FA77}.Debug|x64.ActiveCfg = Debug|Any CPU
		{66850FAD-365C-40FD-8A63-0B681C69FA77}.Debug|x64.Build.0 = Debug|Any CPU
		{66850FAD-365C-40FD-8A63-0B681C69FA77}.Debug|x86.ActiveCfg = Debug|Any CPU
		{66850FAD-365C-40FD-8A63-0B681C69FA77}.Debug|x86.Build.0 = Debug|Any CPU
		{66850FAD-365C-40FD-8A63-0B681C69FA77}.Release|Any CPU.ActiveCfg = Release|Any CPU
		{66850FAD-365C-40FD-8A63-0B681C69FA77}.Release|Any CPU.Build.0 = Release|Any CPU
		{66850FAD-365C-40FD-8A63-0B681C69FA77}.Release|x64.ActiveCfg = Release|Any CPU
		{66850FAD-365C-40FD-8A63-0B681C69FA77}.Release|x64.Build.0 = Release|Any CPU
		{66850FAD-365C-40FD-8A63-0B681C69FA77}.Release|x86.ActiveCfg = Release|Any CPU
		{66850FAD-365C-40FD-8A63-0B681C69FA77}.Release|x86.Build.0 = Release|Any CPU
	EndGlobalSection
	GlobalSection(SolutionProperties) = preSolution
		HideSolutionNode = FALSE
	EndGlobalSection
	GlobalSection(NestedProjects) = preSolution
		{FA8645F9-0B50-4853-89BC-B83843D3A783} = {827E0CD3-B72D-47B6-A68D-7590B98EB39B}
		{F3893D8A-23E7-4B77-9F9E-EE1239A5182D} = {827E0CD3-B72D-47B6-A68D-7590B98EB39B}
		{B00BA1D7-B214-4550-A92E-543F54AB695B} = {827E0CD3-B72D-47B6-A68D-7590B98EB39B}
		{CD068DB1-EF08-4A74-ABCD-A180DB231812} = {827E0CD3-B72D-47B6-A68D-7590B98EB39B}
		{66850FAD-365C-40FD-8A63-0B681C69FA77} = {827E0CD3-B72D-47B6-A68D-7590B98EB39B}
	EndGlobalSection
EndGlobal
